
Microsoft Visual Studio Solution File, Format Version 12.00
# Visual Studio 15
VisualStudioVersion = 15.0.26124.0
MinimumVisualStudioVersion = 15.0.26124.0
Project("{FAE04EC0-301F-11D3-BF4B-00C04F79EFBC}") = "MTA.API", "MTA.API\MTA.API.csproj", "{C2DB71F8-A61D-49A1-B17C-06C2177C8D78}"
EndProject
Project("{FAE04EC0-301F-11D3-BF4B-00C04F79EFBC}") = "MTA.Core.Application", "MTA.Core.Application\MTA.Core.Application.csproj", "{EBA141D6-98D3-4ACD-933C-AC4C7665F26C}"
EndProject
Project("{FAE04EC0-301F-11D3-BF4B-00C04F79EFBC}") = "MTA.Core.Common", "MTA.Core.Common\MTA.Core.Common.csproj", "{0E4A0821-14DD-461E-A9D2-0566A06CC381}"
EndProject
Project("{FAE04EC0-301F-11D3-BF4B-00C04F79EFBC}") = "MTA.Core.Domain", "MTA.Core.Domain\MTA.Core.Domain.csproj", "{D0DCAFD4-B9B0-4820-B2A1-4FAB883E3D05}"
EndProject
Project("{FAE04EC0-301F-11D3-BF4B-00C04F79EFBC}") = "MTA.Infrastructure.Persistence", "MTA.Infrastructure.Persistence\MTA.Infrastructure.Persistence.csproj", "{DB5C1D37-A30D-4BDB-AE20-63E8942761D8}"
EndProject
Project("{FAE04EC0-301F-11D3-BF4B-00C04F79EFBC}") = "MTA.Infrastructure.Shared", "MTA.Infrastructure.Shared\MTA.Infrastructure.Shared.csproj", "{A44D8A99-3A65-4DDE-BB09-75E75446BCE6}"
EndProject
Project("{FAE04EC0-301F-11D3-BF4B-00C04F79EFBC}") = "MTA.UnitTests", "MTA.UnitTests\MTA.UnitTests.csproj", "{A106579B-E53F-494A-8A44-8EDDB0A6231C}"
EndProject
Global
	GlobalSection(SolutionConfigurationPlatforms) = preSolution
		Debug|Any CPU = Debug|Any CPU
		Debug|x64 = Debug|x64
		Debug|x86 = Debug|x86
		Release|Any CPU = Release|Any CPU
		Release|x64 = Release|x64
		Release|x86 = Release|x86
	EndGlobalSection
	GlobalSection(SolutionProperties) = preSolution
		HideSolutionNode = FALSE
	EndGlobalSection
	GlobalSection(ProjectConfigurationPlatforms) = postSolution
		{C2DB71F8-A61D-49A1-B17C-06C2177C8D78}.Debug|Any CPU.ActiveCfg = Debug|Any CPU
		{C2DB71F8-A61D-49A1-B17C-06C2177C8D78}.Debug|Any CPU.Build.0 = Debug|Any CPU
		{C2DB71F8-A61D-49A1-B17C-06C2177C8D78}.Debug|x64.ActiveCfg = Debug|Any CPU
		{C2DB71F8-A61D-49A1-B17C-06C2177C8D78}.Debug|x64.Build.0 = Debug|Any CPU
		{C2DB71F8-A61D-49A1-B17C-06C2177C8D78}.Debug|x86.ActiveCfg = Debug|Any CPU
		{C2DB71F8-A61D-49A1-B17C-06C2177C8D78}.Debug|x86.Build.0 = Debug|Any CPU
		{C2DB71F8-A61D-49A1-B17C-06C2177C8D78}.Release|Any CPU.ActiveCfg = Release|Any CPU
		{C2DB71F8-A61D-49A1-B17C-06C2177C8D78}.Release|Any CPU.Build.0 = Release|Any CPU
		{C2DB71F8-A61D-49A1-B17C-06C2177C8D78}.Release|x64.ActiveCfg = Release|Any CPU
		{C2DB71F8-A61D-49A1-B17C-06C2177C8D78}.Release|x64.Build.0 = Release|Any CPU
		{C2DB71F8-A61D-49A1-B17C-06C2177C8D78}.Release|x86.ActiveCfg = Release|Any CPU
		{C2DB71F8-A61D-49A1-B17C-06C2177C8D78}.Release|x86.Build.0 = Release|Any CPU
		{EBA141D6-98D3-4ACD-933C-AC4C7665F26C}.Debug|Any CPU.ActiveCfg = Debug|Any CPU
		{EBA141D6-98D3-4ACD-933C-AC4C7665F26C}.Debug|Any CPU.Build.0 = Debug|Any CPU
		{EBA141D6-98D3-4ACD-933C-AC4C7665F26C}.Debug|x64.ActiveCfg = Debug|Any CPU
		{EBA141D6-98D3-4ACD-933C-AC4C7665F26C}.Debug|x64.Build.0 = Debug|Any CPU
		{EBA141D6-98D3-4ACD-933C-AC4C7665F26C}.Debug|x86.ActiveCfg = Debug|Any CPU
		{EBA141D6-98D3-4ACD-933C-AC4C7665F26C}.Debug|x86.Build.0 = Debug|Any CPU
		{EBA141D6-98D3-4ACD-933C-AC4C7665F26C}.Release|Any CPU.ActiveCfg = Release|Any CPU
		{EBA141D6-98D3-4ACD-933C-AC4C7665F26C}.Release|Any CPU.Build.0 = Release|Any CPU
		{EBA141D6-98D3-4ACD-933C-AC4C7665F26C}.Release|x64.ActiveCfg = Release|Any CPU
		{EBA141D6-98D3-4ACD-933C-AC4C7665F26C}.Release|x64.Build.0 = Release|Any CPU
		{EBA141D6-98D3-4ACD-933C-AC4C7665F26C}.Release|x86.ActiveCfg = Release|Any CPU
		{EBA141D6-98D3-4ACD-933C-AC4C7665F26C}.Release|x86.Build.0 = Release|Any CPU
		{0E4A0821-14DD-461E-A9D2-0566A06CC381}.Debug|Any CPU.ActiveCfg = Debug|Any CPU
		{0E4A0821-14DD-461E-A9D2-0566A06CC381}.Debug|Any CPU.Build.0 = Debug|Any CPU
		{0E4A0821-14DD-461E-A9D2-0566A06CC381}.Debug|x64.ActiveCfg = Debug|Any CPU
		{0E4A0821-14DD-461E-A9D2-0566A06CC381}.Debug|x64.Build.0 = Debug|Any CPU
		{0E4A0821-14DD-461E-A9D2-0566A06CC381}.Debug|x86.ActiveCfg = Debug|Any CPU
		{0E4A0821-14DD-461E-A9D2-0566A06CC381}.Debug|x86.Build.0 = Debug|Any CPU
		{0E4A0821-14DD-461E-A9D2-0566A06CC381}.Release|Any CPU.ActiveCfg = Release|Any CPU
		{0E4A0821-14DD-461E-A9D2-0566A06CC381}.Release|Any CPU.Build.0 = Release|Any CPU
		{0E4A0821-14DD-461E-A9D2-0566A06CC381}.Release|x64.ActiveCfg = Release|Any CPU
		{0E4A0821-14DD-461E-A9D2-0566A06CC381}.Release|x64.Build.0 = Release|Any CPU
		{0E4A0821-14DD-461E-A9D2-0566A06CC381}.Release|x86.ActiveCfg = Release|Any CPU
		{0E4A0821-14DD-461E-A9D2-0566A06CC381}.Release|x86.Build.0 = Release|Any CPU
		{D0DCAFD4-B9B0-4820-B2A1-4FAB883E3D05}.Debug|Any CPU.ActiveCfg = Debug|Any CPU
		{D0DCAFD4-B9B0-4820-B2A1-4FAB883E3D05}.Debug|Any CPU.Build.0 = Debug|Any CPU
		{D0DCAFD4-B9B0-4820-B2A1-4FAB883E3D05}.Debug|x64.ActiveCfg = Debug|Any CPU
		{D0DCAFD4-B9B0-4820-B2A1-4FAB883E3D05}.Debug|x64.Build.0 = Debug|Any CPU
		{D0DCAFD4-B9B0-4820-B2A1-4FAB883E3D05}.Debug|x86.ActiveCfg = Debug|Any CPU
		{D0DCAFD4-B9B0-4820-B2A1-4FAB883E3D05}.Debug|x86.Build.0 = Debug|Any CPU
		{D0DCAFD4-B9B0-4820-B2A1-4FAB883E3D05}.Release|Any CPU.ActiveCfg = Release|Any CPU
		{D0DCAFD4-B9B0-4820-B2A1-4FAB883E3D05}.Release|Any CPU.Build.0 = Release|Any CPU
		{D0DCAFD4-B9B0-4820-B2A1-4FAB883E3D05}.Release|x64.ActiveCfg = Release|Any CPU
		{D0DCAFD4-B9B0-4820-B2A1-4FAB883E3D05}.Release|x64.Build.0 = Release|Any CPU
		{D0DCAFD4-B9B0-4820-B2A1-4FAB883E3D05}.Release|x86.ActiveCfg = Release|Any CPU
		{D0DCAFD4-B9B0-4820-B2A1-4FAB883E3D05}.Release|x86.Build.0 = Release|Any CPU
		{DB5C1D37-A30D-4BDB-AE20-63E8942761D8}.Debug|Any CPU.ActiveCfg = Debug|Any CPU
		{DB5C1D37-A30D-4BDB-AE20-63E8942761D8}.Debug|Any CPU.Build.0 = Debug|Any CPU
		{DB5C1D37-A30D-4BDB-AE20-63E8942761D8}.Debug|x64.ActiveCfg = Debug|Any CPU
		{DB5C1D37-A30D-4BDB-AE20-63E8942761D8}.Debug|x64.Build.0 = Debug|Any CPU
		{DB5C1D37-A30D-4BDB-AE20-63E8942761D8}.Debug|x86.ActiveCfg = Debug|Any CPU
		{DB5C1D37-A30D-4BDB-AE20-63E8942761D8}.Debug|x86.Build.0 = Debug|Any CPU
		{DB5C1D37-A30D-4BDB-AE20-63E8942761D8}.Release|Any CPU.ActiveCfg = Release|Any CPU
		{DB5C1D37-A30D-4BDB-AE20-63E8942761D8}.Release|Any CPU.Build.0 = Release|Any CPU
		{DB5C1D37-A30D-4BDB-AE20-63E8942761D8}.Release|x64.ActiveCfg = Release|Any CPU
		{DB5C1D37-A30D-4BDB-AE20-63E8942761D8}.Release|x64.Build.0 = Release|Any CPU
		{DB5C1D37-A30D-4BDB-AE20-63E8942761D8}.Release|x86.ActiveCfg = Release|Any CPU
		{DB5C1D37-A30D-4BDB-AE20-63E8942761D8}.Release|x86.Build.0 = Release|Any CPU
		{A44D8A99-3A65-4DDE-BB09-75E75446BCE6}.Debug|Any CPU.ActiveCfg = Debug|Any CPU
		{A44D8A99-3A65-4DDE-BB09-75E75446BCE6}.Debug|Any CPU.Build.0 = Debug|Any CPU
		{A44D8A99-3A65-4DDE-BB09-75E75446BCE6}.Debug|x64.ActiveCfg = Debug|Any CPU
		{A44D8A99-3A65-4DDE-BB09-75E75446BCE6}.Debug|x64.Build.0 = Debug|Any CPU
		{A44D8A99-3A65-4DDE-BB09-75E75446BCE6}.Debug|x86.ActiveCfg = Debug|Any CPU
		{A44D8A99-3A65-4DDE-BB09-75E75446BCE6}.Debug|x86.Build.0 = Debug|Any CPU
		{A44D8A99-3A65-4DDE-BB09-75E75446BCE6}.Release|Any CPU.ActiveCfg = Release|Any CPU
		{A44D8A99-3A65-4DDE-BB09-75E75446BCE6}.Release|Any CPU.Build.0 = Release|Any CPU
		{A44D8A99-3A65-4DDE-BB09-75E75446BCE6}.Release|x64.ActiveCfg = Release|Any CPU
		{A44D8A99-3A65-4DDE-BB09-75E75446BCE6}.Release|x64.Build.0 = Release|Any CPU
		{A44D8A99-3A65-4DDE-BB09-75E75446BCE6}.Release|x86.ActiveCfg = Release|Any CPU
		{A44D8A99-3A65-4DDE-BB09-75E75446BCE6}.Release|x86.Build.0 = Release|Any CPU
		{A106579B-E53F-494A-8A44-8EDDB0A6231C}.Debug|Any CPU.ActiveCfg = Debug|Any CPU
		{A106579B-E53F-494A-8A44-8EDDB0A6231C}.Debug|Any CPU.Build.0 = Debug|Any CPU
		{A106579B-E53F-494A-8A44-8EDDB0A6231C}.Debug|x64.ActiveCfg = Debug|Any CPU
		{A106579B-E53F-494A-8A44-8EDDB0A6231C}.Debug|x64.Build.0 = Debug|Any CPU
		{A106579B-E53F-494A-8A44-8EDDB0A6231C}.Debug|x86.ActiveCfg = Debug|Any CPU
		{A106579B-E53F-494A-8A44-8EDDB0A6231C}.Debug|x86.Build.0 = Debug|Any CPU
		{A106579B-E53F-494A-8A44-8EDDB0A6231C}.Release|Any CPU.ActiveCfg = Release|Any CPU
		{A106579B-E53F-494A-8A44-8EDDB0A6231C}.Release|Any CPU.Build.0 = Release|Any CPU
		{A106579B-E53F-494A-8A44-8EDDB0A6231C}.Release|x64.ActiveCfg = Release|Any CPU
		{A106579B-E53F-494A-8A44-8EDDB0A6231C}.Release|x64.Build.0 = Release|Any CPU
		{A106579B-E53F-494A-8A44-8EDDB0A6231C}.Release|x86.ActiveCfg = Release|Any CPU
		{A106579B-E53F-494A-8A44-8EDDB0A6231C}.Release|x86.Build.0 = Release|Any CPU
	EndGlobalSection
EndGlobal
